
Microsoft Visual Studio Solution File, Format Version 12.00
# Visual Studio Version 16
VisualStudioVersion = 16.0.30907.101
MinimumVisualStudioVersion = 10.0.40219.1
Project("{FAE04EC0-301F-11D3-BF4B-00C04F79EFBC}") = "Storylines", "Storylines\Storylines.csproj", "{3631ECDC-FF49-463B-9A23-2CBA0FB2D3BD}"
EndProject
Global
	GlobalSection(SolutionConfigurationPlatforms) = preSolution
		Debug|ARM = Debug|ARM
		Debug|ARM64 = Debug|ARM64
		Debug|x64 = Debug|x64
		Debug|x86 = Debug|x86
		Release|ARM = Release|ARM
		Release|ARM64 = Release|ARM64
		Release|x64 = Release|x64
		Release|x86 = Release|x86
	EndGlobalSection
	GlobalSection(ProjectConfigurationPlatforms) = postSolution
		{3631ECDC-FF49-463B-9A23-2CBA0FB2D3BD}.Debug|ARM.ActiveCfg = Debug|ARM
		{3631ECDC-FF49-463B-9A23-2CBA0FB2D3BD}.Debug|ARM.Build.0 = Debug|ARM
		{3631ECDC-FF49-463B-9A23-2CBA0FB2D3BD}.Debug|ARM.Deploy.0 = Debug|ARM
		{3631ECDC-FF49-463B-9A23-2CBA0FB2D3BD}.Debug|ARM64.ActiveCfg = Debug|ARM64
		{3631ECDC-FF49-463B-9A23-2CBA0FB2D3BD}.Debug|ARM64.Build.0 = Debug|ARM64
		{3631ECDC-FF49-463B-9A23-2CBA0FB2D3BD}.Debug|ARM64.Deploy.0 = Debug|ARM64
		{3631ECDC-FF49-463B-9A23-2CBA0FB2D3BD}.Debug|x64.ActiveCfg = Release|x64
		{3631ECDC-FF49-463B-9A23-2CBA0FB2D3BD}.Debug|x64.Build.0 = Release|x64
		{3631ECDC-FF49-463B-9A23-2CBA0FB2D3BD}.Debug|x64.Deploy.0 = Release|x64
		{3631ECDC-FF49-463B-9A23-2CBA0FB2D3BD}.Debug|x86.ActiveCfg = Debug|x86
		{3631ECDC-FF49-463B-9A23-2CBA0FB2D3BD}.Debug|x86.Build.0 = Debug|x86
		{3631ECDC-FF49-463B-9A23-2CBA0FB2D3BD}.Debug|x86.Deploy.0 = Debug|x86
		{3631ECDC-FF49-463B-9A23-2CBA0FB2D3BD}.Release|ARM.ActiveCfg = Release|ARM
		{3631ECDC-FF49-463B-9A23-2CBA0FB2D3BD}.Release|ARM.Build.0 = Release|ARM
		{3631ECDC-FF49-463B-9A23-2CBA0FB2D3BD}.Release|ARM.Deploy.0 = Release|ARM
		{3631ECDC-FF49-463B-9A23-2CBA0FB2D3BD}.Release|ARM64.ActiveCfg = Release|ARM64
		{3631ECDC-FF49-463B-9A23-2CBA0FB2D3BD}.Release|ARM64.Build.0 = Release|ARM64
		{3631ECDC-FF49-463B-9A23-2CBA0FB2D3BD}.Release|ARM64.Deploy.0 = Release|ARM64
		{3631ECDC-FF49-463B-9A23-2CBA0FB2D3BD}.Release|x64.ActiveCfg = Release|x64
		{3631ECDC-FF49-463B-9A23-2CBA0FB2D3BD}.Release|x64.Build.0 = Release|x64
		{3631ECDC-FF49-463B-9A23-2CBA0FB2D3BD}.Release|x64.Deploy.0 = Release|x64
		{3631ECDC-FF49-463B-9A23-2CBA0FB2D3BD}.Release|x86.ActiveCfg = Release|x86
		{3631ECDC-FF49-463B-9A23-2CBA0FB2D3BD}.Release|x86.Build.0 = Release|x86
		{3631ECDC-FF49-463B-9A23-2CBA0FB2D3BD}.Release|x86.Deploy.0 = Release|x86
	EndGlobalSection
	GlobalSection(SolutionProperties) = preSolution
		HideSolutionNode = FALSE
	EndGlobalSection
	GlobalSection(ExtensibilityGlobals) = postSolution
		SolutionGuid = {1B848E6D-23B1-4C68-BF35-3388025B63E0}
	EndGlobalSection
EndGlobal
